
Microsoft Visual Studio Solution File, Format Version 12.00
# Visual Studio Version 17
VisualStudioVersion = 17.13.36105.23 d17.13
MinimumVisualStudioVersion = 10.0.40219.1
Project("{FAE04EC0-301F-11D3-BF4B-00C04F79EFBC}") = "ASP", "ASP\ASP.csproj", "{832A1030-2FD4-4469-98E2-A863A6C85CD1}"
EndProject
Global
	GlobalSection(SolutionConfigurationPlatforms) = preSolution
		Debug|Any CPU = Debug|Any CPU
		Release|Any CPU = Release|Any CPU
	EndGlobalSection
	GlobalSection(ProjectConfigurationPlatforms) = postSolution
		{832A1030-2FD4-4469-98E2-A863A6C85CD1}.Debug|Any CPU.ActiveCfg = Debug|Any CPU
		{832A1030-2FD4-4469-98E2-A863A6C85CD1}.Debug|Any CPU.Build.0 = Debug|Any CPU
		{832A1030-2FD4-4469-98E2-A863A6C85CD1}.Release|Any CPU.ActiveCfg = Release|Any CPU
		{832A1030-2FD4-4469-98E2-A863A6C85CD1}.Release|Any CPU.Build.0 = Release|Any CPU
	EndGlobalSection
	GlobalSection(SolutionProperties) = preSolution
		HideSolutionNode = FALSE
	EndGlobalSection
	GlobalSection(ExtensibilityGlobals) = postSolution
		SolutionGuid = {04743987-D585-4E0F-B925-A60726AA7548}
	EndGlobalSection
EndGlobal
